
Microsoft Visual Studio Solution File, Format Version 12.00
# Visual Studio Version 17
VisualStudioVersion = 17.14.36930.0 d17.14
MinimumVisualStudioVersion = 10.0.40219.1
Project("{FAE04EC0-301F-11D3-BF4B-00C04F79EFBC}") = "ProcurementPlugins", "ProcurementPlugins.csproj", "{D879C034-5F34-4E57-82CD-DBF98E97EAB2}"
EndProject
Global
	GlobalSection(SolutionConfigurationPlatforms) = preSolution
		Debug|Any CPU = Debug|Any CPU
		Release|Any CPU = Release|Any CPU
	EndGlobalSection
	GlobalSection(ProjectConfigurationPlatforms) = postSolution
		{D879C034-5F34-4E57-82CD-DBF98E97EAB2}.Debug|Any CPU.ActiveCfg = Debug|Any CPU
		{D879C034-5F34-4E57-82CD-DBF98E97EAB2}.Debug|Any CPU.Build.0 = Debug|Any CPU
		{D879C034-5F34-4E57-82CD-DBF98E97EAB2}.Release|Any CPU.ActiveCfg = Release|Any CPU
		{D879C034-5F34-4E57-82CD-DBF98E97EAB2}.Release|Any CPU.Build.0 = Release|Any CPU
	EndGlobalSection
	GlobalSection(SolutionProperties) = preSolution
		HideSolutionNode = FALSE
	EndGlobalSection
	GlobalSection(ExtensibilityGlobals) = postSolution
		SolutionGuid = {AB467BD6-EA91-4FDF-87D2-8A9087BA15B7}
	EndGlobalSection
	GlobalSection(CRMSolutionProperties) = preSolution
		SolutionIsBoundToCRM = True
	EndGlobalSection
EndGlobal
